Microsoft Visual Studio Solution File, Format Version 12.00
# Visual Studio 2012
Project("{FAE04EC0-301F-11D3-BF4B-00C04F79EFBC}") = "Dialogue Editor", "Dialogue Editor.csproj", "{42A2B5C3-FE39-455C-9085-385D6D84DC9E}"
EndProject
Global
	GlobalSection(SolutionConfigurationPlatforms) = preSolution
	Debug|Any CPU = Debug|Any CPU
	Release|Any CPU = Release|Any CPU
	Tools|Any CPU = Tools|Any CPU
	EndGlobalSection
	GlobalSection(ProjectConfigurationPlatforms) = postSolution
		{42A2B5C3-FE39-455C-9085-385D6D84DC9E}.Debug|Any CPU.ActiveCfg = Debug|Any CPU
		{42A2B5C3-FE39-455C-9085-385D6D84DC9E}.Debug|Any CPU.Build.0 = Debug|Any CPU
		{42A2B5C3-FE39-455C-9085-385D6D84DC9E}.Release|Any CPU.ActiveCfg = Release|Any CPU
		{42A2B5C3-FE39-455C-9085-385D6D84DC9E}.Release|Any CPU.Build.0 = Release|Any CPU
		{42A2B5C3-FE39-455C-9085-385D6D84DC9E}.Tools|Any CPU.ActiveCfg = Tools|Any CPU
		{42A2B5C3-FE39-455C-9085-385D6D84DC9E}.Tools|Any CPU.Build.0 = Tools|Any CPU
	EndGlobalSection
EndGlobal
